
Microsoft Visual Studio Solution File, Format Version 12.00
# Visual Studio Version 17
VisualStudioVersion = 17.12.35707.178
MinimumVisualStudioVersion = 10.0.40219.1
Project("{FAE04EC0-301F-11D3-BF4B-00C04F79EFBC}") = "Inetum.AppWeb.BlazorApp", "src\Inetum.AppWeb.BlazorApp\Inetum.AppWeb.BlazorApp.csproj", "{6E3C70BA-F265-4ABA-8F19-072AAA8EBE8D}"
EndProject
Project("{FAE04EC0-301F-11D3-BF4B-00C04F79EFBC}") = "Inetum.AppWeb.Api", "src\Inetum.AppWeb.Api\Inetum.AppWeb.Api.csproj", "{1E981E30-16B3-437B-9669-BC6395F015A1}"
EndProject
Global
	GlobalSection(SolutionConfigurationPlatforms) = preSolution
		Debug|Any CPU = Debug|Any CPU
		Release|Any CPU = Release|Any CPU
	EndGlobalSection
	GlobalSection(ProjectConfigurationPlatforms) = postSolution
		{6E3C70BA-F265-4ABA-8F19-072AAA8EBE8D}.Debug|Any CPU.ActiveCfg = Debug|Any CPU
		{6E3C70BA-F265-4ABA-8F19-072AAA8EBE8D}.Debug|Any CPU.Build.0 = Debug|Any CPU
		{6E3C70BA-F265-4ABA-8F19-072AAA8EBE8D}.Release|Any CPU.ActiveCfg = Release|Any CPU
		{6E3C70BA-F265-4ABA-8F19-072AAA8EBE8D}.Release|Any CPU.Build.0 = Release|Any CPU
		{1E981E30-16B3-437B-9669-BC6395F015A1}.Debug|Any CPU.ActiveCfg = Debug|Any CPU
		{1E981E30-16B3-437B-9669-BC6395F015A1}.Debug|Any CPU.Build.0 = Debug|Any CPU
		{1E981E30-16B3-437B-9669-BC6395F015A1}.Release|Any CPU.ActiveCfg = Release|Any CPU
		{1E981E30-16B3-437B-9669-BC6395F015A1}.Release|Any CPU.Build.0 = Release|Any CPU
	EndGlobalSection
	GlobalSection(SolutionProperties) = preSolution
		HideSolutionNode = FALSE
	EndGlobalSection
	GlobalSection(ExtensibilityGlobals) = postSolution
		SolutionGuid = {B78CC986-0D5B-4FDF-9ECE-EE0982DEE800}
	EndGlobalSection
EndGlobal
